
Microsoft Visual Studio Solution File, Format Version 12.00
# Visual Studio Version 16
VisualStudioVersion = 16.0.29613.14
MinimumVisualStudioVersion = 10.0.40219.1
Project("{FAE04EC0-301F-11D3-BF4B-00C04F79EFBC}") = "HealthUp", "HealthUp.csproj", "{8D7EE024-72B9-4D85-A5B5-E9B74F746350}"
EndProject
Global
	GlobalSection(SolutionConfigurationPlatforms) = preSolution
		Debug|Any CPU = Debug|Any CPU
		Release|Any CPU = Release|Any CPU
	EndGlobalSection
	GlobalSection(ProjectConfigurationPlatforms) = postSolution
		{8D7EE024-72B9-4D85-A5B5-E9B74F746350}.Debug|Any CPU.ActiveCfg = Debug|Any CPU
		{8D7EE024-72B9-4D85-A5B5-E9B74F746350}.Debug|Any CPU.Build.0 = Debug|Any CPU
		{8D7EE024-72B9-4D85-A5B5-E9B74F746350}.Release|Any CPU.ActiveCfg = Release|Any CPU
		{8D7EE024-72B9-4D85-A5B5-E9B74F746350}.Release|Any CPU.Build.0 = Release|Any CPU
	EndGlobalSection
	GlobalSection(SolutionProperties) = preSolution
		HideSolutionNode = FALSE
	EndGlobalSection
	GlobalSection(ExtensibilityGlobals) = postSolution
		SolutionGuid = {D29C5AEA-5AD7-4F3D-8125-77DB39791257}
	EndGlobalSection
EndGlobal
